
Microsoft Visual Studio Solution File, Format Version 12.00
# Visual Studio 15
VisualStudioVersion = 15.0.28307.1684
MinimumVisualStudioVersion = 10.0.40219.1
Project("{F184B08F-C81C-45F6-A57F-5ABD9991F28F}") = "FED1StudioProject", "FED1StudioProject\FED1StudioProject.vbproj", "{E879CC28-7505-45BC-9550-4A0ED50ADB15}"
EndProject
Global
	GlobalSection(SolutionConfigurationPlatforms) = preSolution
		Debug|Any CPU = Debug|Any CPU
		Release|Any CPU = Release|Any CPU
	EndGlobalSection
	GlobalSection(ProjectConfigurationPlatforms) = postSolution
		{E879CC28-7505-45BC-9550-4A0ED50ADB15}.Debug|Any CPU.ActiveCfg = Debug|Any CPU
		{E879CC28-7505-45BC-9550-4A0ED50ADB15}.Debug|Any CPU.Build.0 = Debug|Any CPU
		{E879CC28-7505-45BC-9550-4A0ED50ADB15}.Release|Any CPU.ActiveCfg = Release|Any CPU
		{E879CC28-7505-45BC-9550-4A0ED50ADB15}.Release|Any CPU.Build.0 = Release|Any CPU
	EndGlobalSection
	GlobalSection(SolutionProperties) = preSolution
		HideSolutionNode = FALSE
	EndGlobalSection
	GlobalSection(ExtensibilityGlobals) = postSolution
		SolutionGuid = {4309EFA4-79BB-415D-9182-A93FC82C7298}
	EndGlobalSection
EndGlobal
